{
  "requires": true,
  "lockfileVersion": 1,
  "dependencies": {
    "ng2-material-dropdown": {
      "version": "0.11.0",
      "resolved": "https://registry.npmjs.org/ng2-material-dropdown/-/ng2-material-dropdown-0.11.0.tgz",
      "integrity": "sha512-wptBo09qKecY0QPTProAThrc4A3ajJTcHE9LTpCG5XZZUhXLBzhnGK8OW33TN8A+K/jqcs7OB74ppYJiqs3nhQ==",
      "requires": {
        "tslib": "^1.9.0"
      }
    },
    "ngx-chips": {
      "version": "2.1.0",
      "resolved": "https://registry.npmjs.org/ngx-chips/-/ngx-chips-2.1.0.tgz",
      "integrity": "sha512-OQV4dTfD3nXm5d2mGKUSgwOtJOaMnZ4F+lwXOtd7DWRSUne0JQWwoZNHdOpuS6saBGhqCPDAwq6KxdR5XSgZUQ==",
      "requires": {
        "ng2-material-dropdown": "0.11.0",
        "tslib": "^1.9.0"
      }
    },
    "ngx-quill": {
      "version": "8.0.0",
      "resolved": "https://registry.npmjs.org/ngx-quill/-/ngx-quill-8.0.0.tgz",
      "integrity": "sha512-b+g0UKrWvnA5pA9GbVbNCpKBLpVspMdC7CieRusLez3d/PzXZNofFlAfvL+14C3itJNZmmLjDx86B54tnDV+vQ=="
    },
    "tslib": {
      "version": "1.10.0",
      "resolved": "https://registry.npmjs.org/tslib/-/tslib-1.10.0.tgz",
      "integrity": "sha512-qOebF53frne81cf0S9B41ByenJ3/IuH8yJKngAX35CmiZySA0khhkovshKK+jGCaMnVomla7gVlIcc3EvKPbTQ=="
    }
  }
}
